
Microsoft Visual Studio Solution File, Format Version 12.00
# Visual Studio Version 16
VisualStudioVersion = 16.0.30114.105
MinimumVisualStudioVersion = 10.0.40219.1
Project("{FAE04EC0-301F-11D3-BF4B-00C04F79EFBC}") = "Common", "5. Common\Common.csproj", "{817ACE13-B702-4E10-8FE9-5DF19CB9B9E9}"
EndProject
Project("{FAE04EC0-301F-11D3-BF4B-00C04F79EFBC}") = "Business", "3. Business\Business.csproj", "{E0487939-9F7C-4AD3-8029-D9766CFEA4D4}"
EndProject
Project("{FAE04EC0-301F-11D3-BF4B-00C04F79EFBC}") = "Data", "4. Data\Data.csproj", "{90F4DE25-A2B6-4A79-8EC4-5BF7D78C6791}"
EndProject
Project("{FAE04EC0-301F-11D3-BF4B-00C04F79EFBC}") = "API", "2. API\API.csproj", "{4D37F77B-E0FB-43E3-9C8F-EAACA07B3E8D}"
EndProject
Project("{FAE04EC0-301F-11D3-BF4B-00C04F79EFBC}") = "Blazor", "1. Blazor\Blazor.csproj", "{DDB13F18-6A4C-46D1-983E-1D32E9D8376E}"
EndProject
Project("{FAE04EC0-301F-11D3-BF4B-00C04F79EFBC}") = "DatabaseFiller", "7. DatabaseFiller\DatabaseFiller.csproj", "{0CFE8812-3AC8-40EF-9E0A-EB808EF1D7BB}"
EndProject
Project("{FAE04EC0-301F-11D3-BF4B-00C04F79EFBC}") = "ProcessService", "8. ProcessService\ProcessService.csproj", "{4C3BC623-FCF4-4CA0-8F1E-092601D45A77}"
EndProject
Project("{FAE04EC0-301F-11D3-BF4B-00C04F79EFBC}") = "Test", "6. Test\Test.csproj", "{D943D749-6798-4CA9-8BF9-FCC28DE7C743}"
EndProject
Global
	GlobalSection(SolutionConfigurationPlatforms) = preSolution
		Debug|Any CPU = Debug|Any CPU
		Release|Any CPU = Release|Any CPU
	EndGlobalSection
	GlobalSection(SolutionProperties) = preSolution
		HideSolutionNode = FALSE
	EndGlobalSection
	GlobalSection(ProjectConfigurationPlatforms) = postSolution
		{817ACE13-B702-4E10-8FE9-5DF19CB9B9E9}.Debug|Any CPU.ActiveCfg = Debug|Any CPU
		{817ACE13-B702-4E10-8FE9-5DF19CB9B9E9}.Debug|Any CPU.Build.0 = Debug|Any CPU
		{817ACE13-B702-4E10-8FE9-5DF19CB9B9E9}.Release|Any CPU.ActiveCfg = Release|Any CPU
		{817ACE13-B702-4E10-8FE9-5DF19CB9B9E9}.Release|Any CPU.Build.0 = Release|Any CPU
		{E0487939-9F7C-4AD3-8029-D9766CFEA4D4}.Debug|Any CPU.ActiveCfg = Debug|Any CPU
		{E0487939-9F7C-4AD3-8029-D9766CFEA4D4}.Debug|Any CPU.Build.0 = Debug|Any CPU
		{E0487939-9F7C-4AD3-8029-D9766CFEA4D4}.Release|Any CPU.ActiveCfg = Release|Any CPU
		{E0487939-9F7C-4AD3-8029-D9766CFEA4D4}.Release|Any CPU.Build.0 = Release|Any CPU
		{90F4DE25-A2B6-4A79-8EC4-5BF7D78C6791}.Debug|Any CPU.ActiveCfg = Debug|Any CPU
		{90F4DE25-A2B6-4A79-8EC4-5BF7D78C6791}.Debug|Any CPU.Build.0 = Debug|Any CPU
		{90F4DE25-A2B6-4A79-8EC4-5BF7D78C6791}.Release|Any CPU.ActiveCfg = Release|Any CPU
		{90F4DE25-A2B6-4A79-8EC4-5BF7D78C6791}.Release|Any CPU.Build.0 = Release|Any CPU
		{4D37F77B-E0FB-43E3-9C8F-EAACA07B3E8D}.Debug|Any CPU.ActiveCfg = Debug|Any CPU
		{4D37F77B-E0FB-43E3-9C8F-EAACA07B3E8D}.Debug|Any CPU.Build.0 = Debug|Any CPU
		{4D37F77B-E0FB-43E3-9C8F-EAACA07B3E8D}.Release|Any CPU.ActiveCfg = Release|Any CPU
		{4D37F77B-E0FB-43E3-9C8F-EAACA07B3E8D}.Release|Any CPU.Build.0 = Release|Any CPU
		{DDB13F18-6A4C-46D1-983E-1D32E9D8376E}.Debug|Any CPU.ActiveCfg = Debug|Any CPU
		{DDB13F18-6A4C-46D1-983E-1D32E9D8376E}.Debug|Any CPU.Build.0 = Debug|Any CPU
		{DDB13F18-6A4C-46D1-983E-1D32E9D8376E}.Release|Any CPU.ActiveCfg = Release|Any CPU
		{DDB13F18-6A4C-46D1-983E-1D32E9D8376E}.Release|Any CPU.Build.0 = Release|Any CPU
		{0CFE8812-3AC8-40EF-9E0A-EB808EF1D7BB}.Debug|Any CPU.ActiveCfg = Debug|Any CPU
		{0CFE8812-3AC8-40EF-9E0A-EB808EF1D7BB}.Debug|Any CPU.Build.0 = Debug|Any CPU
		{0CFE8812-3AC8-40EF-9E0A-EB808EF1D7BB}.Release|Any CPU.ActiveCfg = Release|Any CPU
		{0CFE8812-3AC8-40EF-9E0A-EB808EF1D7BB}.Release|Any CPU.Build.0 = Release|Any CPU
		{7C57728F-1FD3-4E13-9F8A-80BC0844CD49}.Debug|Any CPU.ActiveCfg = Debug|Any CPU
		{7C57728F-1FD3-4E13-9F8A-80BC0844CD49}.Debug|Any CPU.Build.0 = Debug|Any CPU
		{7C57728F-1FD3-4E13-9F8A-80BC0844CD49}.Release|Any CPU.ActiveCfg = Release|Any CPU
		{7C57728F-1FD3-4E13-9F8A-80BC0844CD49}.Release|Any CPU.Build.0 = Release|Any CPU
		{4C3BC623-FCF4-4CA0-8F1E-092601D45A77}.Debug|Any CPU.ActiveCfg = Debug|Any CPU
		{4C3BC623-FCF4-4CA0-8F1E-092601D45A77}.Debug|Any CPU.Build.0 = Debug|Any CPU
		{4C3BC623-FCF4-4CA0-8F1E-092601D45A77}.Release|Any CPU.ActiveCfg = Release|Any CPU
		{4C3BC623-FCF4-4CA0-8F1E-092601D45A77}.Release|Any CPU.Build.0 = Release|Any CPU
		{D943D749-6798-4CA9-8BF9-FCC28DE7C743}.Debug|Any CPU.ActiveCfg = Debug|Any CPU
		{D943D749-6798-4CA9-8BF9-FCC28DE7C743}.Debug|Any CPU.Build.0 = Debug|Any CPU
		{D943D749-6798-4CA9-8BF9-FCC28DE7C743}.Release|Any CPU.ActiveCfg = Release|Any CPU
		{D943D749-6798-4CA9-8BF9-FCC28DE7C743}.Release|Any CPU.Build.0 = Release|Any CPU
	EndGlobalSection
EndGlobal
